
Microsoft Visual Studio Solution File, Format Version 12.00
# Visual Studio 15
VisualStudioVersion = 15.0.28307.705
MinimumVisualStudioVersion = 10.0.40219.1
Project("{8BC9CEB8-8B4A-11D0-8D11-00A0C91BC942}") = "reversi", "reversi\reversi.vcxproj", "{D4940171-C717-4E85-BB90-F842211E6A04}"
EndProject
Global
	GlobalSection(SolutionConfigurationPlatforms) = preSolution
		Debug|x64 = Debug|x64
		Debug|x86 = Debug|x86
		Release|x64 = Release|x64
		Release|x86 = Release|x86
	EndGlobalSection
	GlobalSection(ProjectConfigurationPlatforms) = postSolution
		{D4940171-C717-4E85-BB90-F842211E6A04}.Debug|x64.ActiveCfg = Debug|x64
		{D4940171-C717-4E85-BB90-F842211E6A04}.Debug|x64.Build.0 = Debug|x64
		{D4940171-C717-4E85-BB90-F842211E6A04}.Debug|x86.ActiveCfg = Debug|Win32
		{D4940171-C717-4E85-BB90-F842211E6A04}.Debug|x86.Build.0 = Debug|Win32
		{D4940171-C717-4E85-BB90-F842211E6A04}.Release|x64.ActiveCfg = Release|x64
		{D4940171-C717-4E85-BB90-F842211E6A04}.Release|x64.Build.0 = Release|x64
		{D4940171-C717-4E85-BB90-F842211E6A04}.Release|x86.ActiveCfg = Release|Win32
		{D4940171-C717-4E85-BB90-F842211E6A04}.Release|x86.Build.0 = Release|Win32
	EndGlobalSection
	GlobalSection(SolutionProperties) = preSolution
		HideSolutionNode = FALSE
	EndGlobalSection
	GlobalSection(ExtensibilityGlobals) = postSolution
		SolutionGuid = {DD9C5A64-3E76-4F33-A239-0E2B82522DAD}
	EndGlobalSection
EndGlobal
